
Microsoft Visual Studio Solution File, Format Version 12.00
# Visual Studio 14
VisualStudioVersion = 14.0.25420.1
MinimumVisualStudioVersion = 10.0.40219.1
Project("{FAE04EC0-301F-11D3-BF4B-00C04F79EFBC}") = "OutlookArchiveByCategoryAddIn", "OutlookArchiveByCategoryAddIn\OutlookArchiveByCategoryAddIn.csproj", "{9483F598-DE4C-442B-A4CC-6DDDE0BA3FDD}"
EndProject
Project("{54435603-DBB4-11D2-8724-00A0C9A8B90C}") = "Setup", "Setup\Setup.vdproj", "{934BACAE-D690-4165-9362-73DEAE284F2E}"
EndProject
Global
	GlobalSection(SolutionConfigurationPlatforms) = preSolution
		Debug|Any CPU = Debug|Any CPU
		Release|Any CPU = Release|Any CPU
	EndGlobalSection
	GlobalSection(ProjectConfigurationPlatforms) = postSolution
		{9483F598-DE4C-442B-A4CC-6DDDE0BA3FDD}.Debug|Any CPU.ActiveCfg = Debug|Any CPU
		{9483F598-DE4C-442B-A4CC-6DDDE0BA3FDD}.Debug|Any CPU.Build.0 = Debug|Any CPU
		{9483F598-DE4C-442B-A4CC-6DDDE0BA3FDD}.Release|Any CPU.ActiveCfg = Release|Any CPU
		{9483F598-DE4C-442B-A4CC-6DDDE0BA3FDD}.Release|Any CPU.Build.0 = Release|Any CPU
		{934BACAE-D690-4165-9362-73DEAE284F2E}.Debug|Any CPU.ActiveCfg = Debug
		{934BACAE-D690-4165-9362-73DEAE284F2E}.Release|Any CPU.ActiveCfg = Release
		{934BACAE-D690-4165-9362-73DEAE284F2E}.Release|Any CPU.Build.0 = Release
	EndGlobalSection
	GlobalSection(SolutionProperties) = preSolution
		HideSolutionNode = FALSE
	EndGlobalSection
EndGlobal
